
Microsoft Visual Studio Solution File, Format Version 12.00
# Visual Studio Version 17
VisualStudioVersion = 17.3.32901.215
MinimumVisualStudioVersion = 10.0.40219.1
Project("{FAE04EC0-301F-11D3-BF4B-00C04F79EFBC}") = "GabesConsoleApp", "GabesConsoleApp\GabesConsoleApp.csproj", "{23772F72-51F9-4F83-A2A1-A5748C917211}"
EndProject
Project("{FAE04EC0-301F-11D3-BF4B-00C04F79EFBC}") = "GabesConsoleApp.Tests", "GabesConsoleApp.Tests\GabesConsoleApp.Tests.csproj", "{3348179F-38B6-4424-BB4C-4AF5E79883A0}"
EndProject
Global
	GlobalSection(SolutionConfigurationPlatforms) = preSolution
		Debug|Any CPU = Debug|Any CPU
		Release|Any CPU = Release|Any CPU
	EndGlobalSection
	GlobalSection(ProjectConfigurationPlatforms) = postSolution
		{23772F72-51F9-4F83-A2A1-A5748C917211}.Debug|Any CPU.ActiveCfg = Debug|Any CPU
		{23772F72-51F9-4F83-A2A1-A5748C917211}.Debug|Any CPU.Build.0 = Debug|Any CPU
		{23772F72-51F9-4F83-A2A1-A5748C917211}.Release|Any CPU.ActiveCfg = Release|Any CPU
		{23772F72-51F9-4F83-A2A1-A5748C917211}.Release|Any CPU.Build.0 = Release|Any CPU
		{3348179F-38B6-4424-BB4C-4AF5E79883A0}.Debug|Any CPU.ActiveCfg = Debug|Any CPU
		{3348179F-38B6-4424-BB4C-4AF5E79883A0}.Debug|Any CPU.Build.0 = Debug|Any CPU
		{3348179F-38B6-4424-BB4C-4AF5E79883A0}.Release|Any CPU.ActiveCfg = Release|Any CPU
		{3348179F-38B6-4424-BB4C-4AF5E79883A0}.Release|Any CPU.Build.0 = Release|Any CPU
	EndGlobalSection
	GlobalSection(SolutionProperties) = preSolution
		HideSolutionNode = FALSE
	EndGlobalSection
	GlobalSection(ExtensibilityGlobals) = postSolution
		SolutionGuid = {D19C89BF-1176-4A83-9234-B085DC322385}
	EndGlobalSection
EndGlobal
